
Microsoft Visual Studio Solution File, Format Version 12.00
# Visual Studio Version 17
VisualStudioVersion = 17.3.32901.215
MinimumVisualStudioVersion = 10.0.40219.1
Project("{FAE04EC0-301F-11D3-BF4B-00C04F79EFBC}") = "DZ_2_win", "DZ_2_win.csproj", "{80D219B3-516C-41C8-BC2B-F814571E518B}"
EndProject
Global
	GlobalSection(SolutionConfigurationPlatforms) = preSolution
		Debug|Any CPU = Debug|Any CPU
		Release|Any CPU = Release|Any CPU
	EndGlobalSection
	GlobalSection(ProjectConfigurationPlatforms) = postSolution
		{80D219B3-516C-41C8-BC2B-F814571E518B}.Debug|Any CPU.ActiveCfg = Debug|Any CPU
		{80D219B3-516C-41C8-BC2B-F814571E518B}.Debug|Any CPU.Build.0 = Debug|Any CPU
		{80D219B3-516C-41C8-BC2B-F814571E518B}.Release|Any CPU.ActiveCfg = Release|Any CPU
		{80D219B3-516C-41C8-BC2B-F814571E518B}.Release|Any CPU.Build.0 = Release|Any CPU
	EndGlobalSection
	GlobalSection(SolutionProperties) = preSolution
		HideSolutionNode = FALSE
	EndGlobalSection
	GlobalSection(ExtensibilityGlobals) = postSolution
		SolutionGuid = {E14552A0-9416-4F16-990C-2657A68A922E}
	EndGlobalSection
EndGlobal
